
Microsoft Visual Studio Solution File, Format Version 12.00
Project("{2150E333-8FDC-42A3-9474-1A3956D46DE8}") = "Services", "Services", "{52CC788C-4123-40C4-A781-4D5095CEE46A}"
EndProject
Project("{2150E333-8FDC-42A3-9474-1A3956D46DE8}") = "Users", "Users", "{966A908C-B3B1-4A69-92C1-8996392BC26B}"
EndProject
Project("{FAE04EC0-301F-11D3-BF4B-00C04F79EFBC}") = "Users.API", "Users.API\Users.API.csproj", "{253449CD-C18A-46B6-A92B-2442F366E790}"
EndProject
Project("{2150E333-8FDC-42A3-9474-1A3956D46DE8}") = "Solution Items", "Solution Items", "{27E71B12-F16A-4784-8508-8C1A15C7BA81}"
	ProjectSection(SolutionItems) = preProject
		compose.yaml = compose.yaml
	EndProjectSection
EndProject
Project("{2150E333-8FDC-42A3-9474-1A3956D46DE8}") = "BuildingBlocks", "BuildingBlocks", "{4D834C35-393F-49FD-9C17-FBF741628C92}"
EndProject
Project("{FAE04EC0-301F-11D3-BF4B-00C04F79EFBC}") = "BuildingBlocks", "BuildingBlocks\BuildingBlocks.csproj", "{2EE9EE8B-6F74-4981-AD3C-AD7D0F504F53}"
EndProject
Project("{2150E333-8FDC-42A3-9474-1A3956D46DE8}") = "Shifts", "Shifts", "{D164D418-EDAA-447D-83F7-124114875002}"
EndProject
Project("{FAE04EC0-301F-11D3-BF4B-00C04F79EFBC}") = "Shifts.API", "Shifts.API\Shifts.API.csproj", "{DE5A58FD-9370-4983-8478-9AA5C5562F1E}"
EndProject
Project("{2150E333-8FDC-42A3-9474-1A3956D46DE8}") = "Contracts", "Contracts", "{777B78A4-59CD-4FF1-A927-C352588E3654}"
EndProject
Project("{FAE04EC0-301F-11D3-BF4B-00C04F79EFBC}") = "Contracts.API", "Contracts.API\Contracts.API.csproj", "{4B8A6601-4A96-435D-92A1-6348BD596F54}"
EndProject
Project("{2150E333-8FDC-42A3-9474-1A3956D46DE8}") = "Attendances", "Attendances", "{EC1F52C4-E1DE-4656-9735-B52B8EAD5EA0}"
EndProject
Project("{FAE04EC0-301F-11D3-BF4B-00C04F79EFBC}") = "Attendances.API", "Attendances.API\Attendances.API.csproj", "{FB3E7251-6FD5-4FB6-8958-DA2EFCF91C9D}"
EndProject
Project("{2150E333-8FDC-42A3-9474-1A3956D46DE8}") = "Incidents", "Incidents", "{94359799-7D5A-4E18-A103-7209626A8DED}"
EndProject
Project("{2150E333-8FDC-42A3-9474-1A3956D46DE8}") = "Chats", "Chats", "{EC5BA620-5CB1-4418-8227-19FFC0919498}"
EndProject
Project("{FAE04EC0-301F-11D3-BF4B-00C04F79EFBC}") = "Incidents.API", "Incidents.API\Incidents.API.csproj", "{F5B02431-6E17-435A-9D9F-631D033C7D20}"
EndProject
Project("{FAE04EC0-301F-11D3-BF4B-00C04F79EFBC}") = "Chats.API", "Chats.API\Chats.API.csproj", "{7CA7B354-0C21-4331-B25B-44CFF36DC7F1}"
EndProject
Global
	GlobalSection(SolutionConfigurationPlatforms) = preSolution
		Debug|Any CPU = Debug|Any CPU
		Release|Any CPU = Release|Any CPU
	EndGlobalSection
	GlobalSection(ProjectConfigurationPlatforms) = postSolution
		{253449CD-C18A-46B6-A92B-2442F366E790}.Debug|Any CPU.ActiveCfg = Debug|Any CPU
		{253449CD-C18A-46B6-A92B-2442F366E790}.Debug|Any CPU.Build.0 = Debug|Any CPU
		{253449CD-C18A-46B6-A92B-2442F366E790}.Release|Any CPU.ActiveCfg = Release|Any CPU
		{253449CD-C18A-46B6-A92B-2442F366E790}.Release|Any CPU.Build.0 = Release|Any CPU
		{2EE9EE8B-6F74-4981-AD3C-AD7D0F504F53}.Debug|Any CPU.ActiveCfg = Debug|Any CPU
		{2EE9EE8B-6F74-4981-AD3C-AD7D0F504F53}.Debug|Any CPU.Build.0 = Debug|Any CPU
		{2EE9EE8B-6F74-4981-AD3C-AD7D0F504F53}.Release|Any CPU.ActiveCfg = Release|Any CPU
		{2EE9EE8B-6F74-4981-AD3C-AD7D0F504F53}.Release|Any CPU.Build.0 = Release|Any CPU
		{DE5A58FD-9370-4983-8478-9AA5C5562F1E}.Debug|Any CPU.ActiveCfg = Debug|Any CPU
		{DE5A58FD-9370-4983-8478-9AA5C5562F1E}.Debug|Any CPU.Build.0 = Debug|Any CPU
		{DE5A58FD-9370-4983-8478-9AA5C5562F1E}.Release|Any CPU.ActiveCfg = Release|Any CPU
		{DE5A58FD-9370-4983-8478-9AA5C5562F1E}.Release|Any CPU.Build.0 = Release|Any CPU
		{4B8A6601-4A96-435D-92A1-6348BD596F54}.Debug|Any CPU.ActiveCfg = Debug|Any CPU
		{4B8A6601-4A96-435D-92A1-6348BD596F54}.Debug|Any CPU.Build.0 = Debug|Any CPU
		{4B8A6601-4A96-435D-92A1-6348BD596F54}.Release|Any CPU.ActiveCfg = Release|Any CPU
		{4B8A6601-4A96-435D-92A1-6348BD596F54}.Release|Any CPU.Build.0 = Release|Any CPU
		{FB3E7251-6FD5-4FB6-8958-DA2EFCF91C9D}.Debug|Any CPU.ActiveCfg = Debug|Any CPU
		{FB3E7251-6FD5-4FB6-8958-DA2EFCF91C9D}.Debug|Any CPU.Build.0 = Debug|Any CPU
		{FB3E7251-6FD5-4FB6-8958-DA2EFCF91C9D}.Release|Any CPU.ActiveCfg = Release|Any CPU
		{FB3E7251-6FD5-4FB6-8958-DA2EFCF91C9D}.Release|Any CPU.Build.0 = Release|Any CPU
		{F5B02431-6E17-435A-9D9F-631D033C7D20}.Debug|Any CPU.ActiveCfg = Debug|Any CPU
		{F5B02431-6E17-435A-9D9F-631D033C7D20}.Debug|Any CPU.Build.0 = Debug|Any CPU
		{F5B02431-6E17-435A-9D9F-631D033C7D20}.Release|Any CPU.ActiveCfg = Release|Any CPU
		{F5B02431-6E17-435A-9D9F-631D033C7D20}.Release|Any CPU.Build.0 = Release|Any CPU
		{7CA7B354-0C21-4331-B25B-44CFF36DC7F1}.Debug|Any CPU.ActiveCfg = Debug|Any CPU
		{7CA7B354-0C21-4331-B25B-44CFF36DC7F1}.Debug|Any CPU.Build.0 = Debug|Any CPU
		{7CA7B354-0C21-4331-B25B-44CFF36DC7F1}.Release|Any CPU.ActiveCfg = Release|Any CPU
		{7CA7B354-0C21-4331-B25B-44CFF36DC7F1}.Release|Any CPU.Build.0 = Release|Any CPU
	EndGlobalSection
	GlobalSection(NestedProjects) = preSolution
		{966A908C-B3B1-4A69-92C1-8996392BC26B} = {52CC788C-4123-40C4-A781-4D5095CEE46A}
		{253449CD-C18A-46B6-A92B-2442F366E790} = {966A908C-B3B1-4A69-92C1-8996392BC26B}
		{2EE9EE8B-6F74-4981-AD3C-AD7D0F504F53} = {4D834C35-393F-49FD-9C17-FBF741628C92}
		{D164D418-EDAA-447D-83F7-124114875002} = {52CC788C-4123-40C4-A781-4D5095CEE46A}
		{DE5A58FD-9370-4983-8478-9AA5C5562F1E} = {D164D418-EDAA-447D-83F7-124114875002}
		{777B78A4-59CD-4FF1-A927-C352588E3654} = {52CC788C-4123-40C4-A781-4D5095CEE46A}
		{4B8A6601-4A96-435D-92A1-6348BD596F54} = {777B78A4-59CD-4FF1-A927-C352588E3654}
		{EC1F52C4-E1DE-4656-9735-B52B8EAD5EA0} = {52CC788C-4123-40C4-A781-4D5095CEE46A}
		{FB3E7251-6FD5-4FB6-8958-DA2EFCF91C9D} = {EC1F52C4-E1DE-4656-9735-B52B8EAD5EA0}
		{94359799-7D5A-4E18-A103-7209626A8DED} = {52CC788C-4123-40C4-A781-4D5095CEE46A}
		{EC5BA620-5CB1-4418-8227-19FFC0919498} = {52CC788C-4123-40C4-A781-4D5095CEE46A}
		{F5B02431-6E17-435A-9D9F-631D033C7D20} = {94359799-7D5A-4E18-A103-7209626A8DED}
		{7CA7B354-0C21-4331-B25B-44CFF36DC7F1} = {EC5BA620-5CB1-4418-8227-19FFC0919498}
	EndGlobalSection
EndGlobal
